
Microsoft Visual Studio Solution File, Format Version 12.00
# Visual Studio Version 16
VisualStudioVersion = 16.0.29215.179
MinimumVisualStudioVersion = 10.0.40219.1
Project("{FAE04EC0-301F-11D3-BF4B-00C04F79EFBC}") = "Compil", "Compil\Compil.csproj", "{91530051-1625-4D1F-86BE-0DF964757214}"
EndProject
Project("{FAE04EC0-301F-11D3-BF4B-00C04F79EFBC}") = "CompilTest", "CompilTest\CompilTest.csproj", "{44A36E95-A113-42DC-AD2B-E244A2C29C8D}"
EndProject
Project("{2150E333-8FDC-42A3-9474-1A3956D46DE8}") = "Solution Items", "Solution Items", "{27F84D07-F92C-45D2-A1AF-E7E4CAED332C}"
	ProjectSection(SolutionItems) = preProject
		TODO.txt = TODO.txt
	EndProjectSection
EndProject
Global
	GlobalSection(SolutionConfigurationPlatforms) = preSolution
		Debug|Any CPU = Debug|Any CPU
		Release|Any CPU = Release|Any CPU
	EndGlobalSection
	GlobalSection(ProjectConfigurationPlatforms) = postSolution
		{91530051-1625-4D1F-86BE-0DF964757214}.Debug|Any CPU.ActiveCfg = Debug|Any CPU
		{91530051-1625-4D1F-86BE-0DF964757214}.Debug|Any CPU.Build.0 = Debug|Any CPU
		{91530051-1625-4D1F-86BE-0DF964757214}.Release|Any CPU.ActiveCfg = Release|Any CPU
		{91530051-1625-4D1F-86BE-0DF964757214}.Release|Any CPU.Build.0 = Release|Any CPU
		{44A36E95-A113-42DC-AD2B-E244A2C29C8D}.Debug|Any CPU.ActiveCfg = Debug|Any CPU
		{44A36E95-A113-42DC-AD2B-E244A2C29C8D}.Debug|Any CPU.Build.0 = Debug|Any CPU
		{44A36E95-A113-42DC-AD2B-E244A2C29C8D}.Release|Any CPU.ActiveCfg = Release|Any CPU
		{44A36E95-A113-42DC-AD2B-E244A2C29C8D}.Release|Any CPU.Build.0 = Release|Any CPU
	EndGlobalSection
	GlobalSection(SolutionProperties) = preSolution
		HideSolutionNode = FALSE
	EndGlobalSection
	GlobalSection(ExtensibilityGlobals) = postSolution
		SolutionGuid = {0B90D822-56AD-4CA0-9A99-77CDEAD3425C}
	EndGlobalSection
EndGlobal
